
Microsoft Visual Studio Solution File, Format Version 12.00
# Visual Studio 15
VisualStudioVersion = 15.0.26730.16
MinimumVisualStudioVersion = 10.0.40219.1
Project("{FAE04EC0-301F-11D3-BF4B-00C04F79EFBC}") = "GorillaSample.Android", "GorillaSample\GorillaSample.Android\GorillaSample.Android.csproj", "{0470CFA3-099F-4203-A6B7-12AFD0AE9F51}"
EndProject
Project("{FAE04EC0-301F-11D3-BF4B-00C04F79EFBC}") = "GorillaSample", "GorillaSample\GorillaSample\GorillaSample.csproj", "{85DB7474-840D-47F2-A09A-FF01D535DA5F}"
EndProject
Project("{FAE04EC0-301F-11D3-BF4B-00C04F79EFBC}") = "GorillaSample.UWP", "GorillaSample\GorillaSample.UWP\GorillaSample.UWP.csproj", "{37EB0C6B-F7F6-4712-BAC0-A2FCF108B52F}"
EndProject
Project("{FAE04EC0-301F-11D3-BF4B-00C04F79EFBC}") = "GorillaSample.iOS", "GorillaSample\GorillaSample.iOS\GorillaSample.iOS.csproj", "{B08CB5BF-FB7C-4CF8-BB29-E1B1ECC50FD0}"
EndProject
Global
	GlobalSection(SolutionConfigurationPlatforms) = preSolution
		Ad-Hoc|Any CPU = Ad-Hoc|Any CPU
		Ad-Hoc|ARM = Ad-Hoc|ARM
		Ad-Hoc|iPhone = Ad-Hoc|iPhone
		Ad-Hoc|iPhoneSimulator = Ad-Hoc|iPhoneSimulator
		Ad-Hoc|x64 = Ad-Hoc|x64
		Ad-Hoc|x86 = Ad-Hoc|x86
		AppStore|Any CPU = AppStore|Any CPU
		AppStore|ARM = AppStore|ARM
		AppStore|iPhone = AppStore|iPhone
		AppStore|iPhoneSimulator = AppStore|iPhoneSimulator
		AppStore|x64 = AppStore|x64
		AppStore|x86 = AppStore|x86
		Debug|Any CPU = Debug|Any CPU
		Debug|ARM = Debug|ARM
		Debug|iPhone = Debug|iPhone
		Debug|iPhoneSimulator = Debug|iPhoneSimulator
		Debug|x64 = Debug|x64
		Debug|x86 = Debug|x86
		Release|Any CPU = Release|Any CPU
		Release|ARM = Release|ARM
		Release|iPhone = Release|iPhone
		Release|iPhoneSimulator = Release|iPhoneSimulator
		Release|x64 = Release|x64
		Release|x86 = Release|x86
	EndGlobalSection
	GlobalSection(ProjectConfigurationPlatforms) = postSolution
		{0470CFA3-099F-4203-A6B7-12AFD0AE9F51}.Ad-Hoc|Any CPU.ActiveCfg = Release|Any CPU
		{0470CFA3-099F-4203-A6B7-12AFD0AE9F51}.Ad-Hoc|Any CPU.Build.0 = Release|Any CPU
		{0470CFA3-099F-4203-A6B7-12AFD0AE9F51}.Ad-Hoc|Any CPU.Deploy.0 = Release|Any CPU
		{0470CFA3-099F-4203-A6B7-12AFD0AE9F51}.Ad-Hoc|ARM.ActiveCfg = Release|Any CPU
		{0470CFA3-099F-4203-A6B7-12AFD0AE9F51}.Ad-Hoc|ARM.Build.0 = Release|Any CPU
		{0470CFA3-099F-4203-A6B7-12AFD0AE9F51}.Ad-Hoc|ARM.Deploy.0 = Release|Any CPU
		{0470CFA3-099F-4203-A6B7-12AFD0AE9F51}.Ad-Hoc|iPhone.ActiveCfg = Release|Any CPU
		{0470CFA3-099F-4203-A6B7-12AFD0AE9F51}.Ad-Hoc|iPhone.Build.0 = Release|Any CPU
		{0470CFA3-099F-4203-A6B7-12AFD0AE9F51}.Ad-Hoc|iPhone.Deploy.0 = Release|Any CPU
		{0470CFA3-099F-4203-A6B7-12AFD0AE9F51}.Ad-Hoc|iPhoneSimulator.ActiveCfg = Release|Any CPU
		{0470CFA3-099F-4203-A6B7-12AFD0AE9F51}.Ad-Hoc|iPhoneSimulator.Build.0 = Release|Any CPU
		{0470CFA3-099F-4203-A6B7-12AFD0AE9F51}.Ad-Hoc|iPhoneSimulator.Deploy.0 = Release|Any CPU
		{0470CFA3-099F-4203-A6B7-12AFD0AE9F51}.Ad-Hoc|x64.ActiveCfg = Release|Any CPU
		{0470CFA3-099F-4203-A6B7-12AFD0AE9F51}.Ad-Hoc|x64.Build.0 = Release|Any CPU
		{0470CFA3-099F-4203-A6B7-12AFD0AE9F51}.Ad-Hoc|x64.Deploy.0 = Release|Any CPU
		{0470CFA3-099F-4203-A6B7-12AFD0AE9F51}.Ad-Hoc|x86.ActiveCfg = Release|Any CPU
		{0470CFA3-099F-4203-A6B7-12AFD0AE9F51}.Ad-Hoc|x86.Build.0 = Release|Any CPU
		{0470CFA3-099F-4203-A6B7-12AFD0AE9F51}.Ad-Hoc|x86.Deploy.0 = Release|Any CPU
		{0470CFA3-099F-4203-A6B7-12AFD0AE9F51}.AppStore|Any CPU.ActiveCfg = Release|Any CPU
		{0470CFA3-099F-4203-A6B7-12AFD0AE9F51}.AppStore|Any CPU.Build.0 = Release|Any CPU
		{0470CFA3-099F-4203-A6B7-12AFD0AE9F51}.AppStore|Any CPU.Deploy.0 = Release|Any CPU
		{0470CFA3-099F-4203-A6B7-12AFD0AE9F51}.AppStore|ARM.ActiveCfg = Release|Any CPU
		{0470CFA3-099F-4203-A6B7-12AFD0AE9F51}.AppStore|ARM.Build.0 = Release|Any CPU
		{0470CFA3-099F-4203-A6B7-12AFD0AE9F51}.AppStore|ARM.Deploy.0 = Release|Any CPU
		{0470CFA3-099F-4203-A6B7-12AFD0AE9F51}.AppStore|iPhone.ActiveCfg = Release|Any CPU
		{0470CFA3-099F-4203-A6B7-12AFD0AE9F51}.AppStore|iPhone.Build.0 = Release|Any CPU
		{0470CFA3-099F-4203-A6B7-12AFD0AE9F51}.AppStore|iPhone.Deploy.0 = Release|Any CPU
		{0470CFA3-099F-4203-A6B7-12AFD0AE9F51}.AppStore|iPhoneSimulator.ActiveCfg = Release|Any CPU
		{0470CFA3-099F-4203-A6B7-12AFD0AE9F51}.AppStore|iPhoneSimulator.Build.0 = Release|Any CPU
		{0470CFA3-099F-4203-A6B7-12AFD0AE9F51}.AppStore|iPhoneSimulator.Deploy.0 = Release|Any CPU
		{0470CFA3-099F-4203-A6B7-12AFD0AE9F51}.AppStore|x64.ActiveCfg = Release|Any CPU
		{0470CFA3-099F-4203-A6B7-12AFD0AE9F51}.AppStore|x64.Build.0 = Release|Any CPU
		{0470CFA3-099F-4203-A6B7-12AFD0AE9F51}.AppStore|x64.Deploy.0 = Release|Any CPU
		{0470CFA3-099F-4203-A6B7-12AFD0AE9F51}.AppStore|x86.ActiveCfg = Release|Any CPU
		{0470CFA3-099F-4203-A6B7-12AFD0AE9F51}.AppStore|x86.Build.0 = Release|Any CPU
		{0470CFA3-099F-4203-A6B7-12AFD0AE9F51}.AppStore|x86.Deploy.0 = Release|Any CPU
		{0470CFA3-099F-4203-A6B7-12AFD0AE9F51}.Debug|Any CPU.ActiveCfg = Debug|Any CPU
		{0470CFA3-099F-4203-A6B7-12AFD0AE9F51}.Debug|Any CPU.Build.0 = Debug|Any CPU
		{0470CFA3-099F-4203-A6B7-12AFD0AE9F51}.Debug|Any CPU.Deploy.0 = Debug|Any CPU
		{0470CFA3-099F-4203-A6B7-12AFD0AE9F51}.Debug|ARM.ActiveCfg = Debug|Any CPU
		{0470CFA3-099F-4203-A6B7-12AFD0AE9F51}.Debug|ARM.Build.0 = Debug|Any CPU
		{0470CFA3-099F-4203-A6B7-12AFD0AE9F51}.Debug|ARM.Deploy.0 = Debug|Any CPU
		{0470CFA3-099F-4203-A6B7-12AFD0AE9F51}.Debug|iPhone.ActiveCfg = Debug|Any CPU
		{0470CFA3-099F-4203-A6B7-12AFD0AE9F51}.Debug|iPhone.Build.0 = Debug|Any CPU
		{0470CFA3-099F-4203-A6B7-12AFD0AE9F51}.Debug|iPhone.Deploy.0 = Debug|Any CPU
		{0470CFA3-099F-4203-A6B7-12AFD0AE9F51}.Debug|iPhoneSimulator.ActiveCfg = Debug|Any CPU
		{0470CFA3-099F-4203-A6B7-12AFD0AE9F51}.Debug|iPhoneSimulator.Build.0 = Debug|Any CPU
		{0470CFA3-099F-4203-A6B7-12AFD0AE9F51}.Debug|iPhoneSimulator.Deploy.0 = Debug|Any CPU
		{0470CFA3-099F-4203-A6B7-12AFD0AE9F51}.Debug|x64.ActiveCfg = Debug|Any CPU
		{0470CFA3-099F-4203-A6B7-12AFD0AE9F51}.Debug|x64.Build.0 = Debug|Any CPU
		{0470CFA3-099F-4203-A6B7-12AFD0AE9F51}.Debug|x64.Deploy.0 = Debug|Any CPU
		{0470CFA3-099F-4203-A6B7-12AFD0AE9F51}.Debug|x86.ActiveCfg = Debug|Any CPU
		{0470CFA3-099F-4203-A6B7-12AFD0AE9F51}.Debug|x86.Build.0 = Debug|Any CPU
		{0470CFA3-099F-4203-A6B7-12AFD0AE9F51}.Debug|x86.Deploy.0 = Debug|Any CPU
		{0470CFA3-099F-4203-A6B7-12AFD0AE9F51}.Release|Any CPU.ActiveCfg = Release|Any CPU
		{0470CFA3-099F-4203-A6B7-12AFD0AE9F51}.Release|Any CPU.Build.0 = Release|Any CPU
		{0470CFA3-099F-4203-A6B7-12AFD0AE9F51}.Release|Any CPU.Deploy.0 = Release|Any CPU
		{0470CFA3-099F-4203-A6B7-12AFD0AE9F51}.Release|ARM.ActiveCfg = Release|Any CPU
		{0470CFA3-099F-4203-A6B7-12AFD0AE9F51}.Release|ARM.Build.0 = Release|Any CPU
		{0470CFA3-099F-4203-A6B7-12AFD0AE9F51}.Release|ARM.Deploy.0 = Release|Any CPU
		{0470CFA3-099F-4203-A6B7-12AFD0AE9F51}.Release|iPhone.ActiveCfg = Release|Any CPU
		{0470CFA3-099F-4203-A6B7-12AFD0AE9F51}.Release|iPhone.Build.0 = Release|Any CPU
		{0470CFA3-099F-4203-A6B7-12AFD0AE9F51}.Release|iPhone.Deploy.0 = Release|Any CPU
		{0470CFA3-099F-4203-A6B7-12AFD0AE9F51}.Release|iPhoneSimulator.ActiveCfg = Release|Any CPU
		{0470CFA3-099F-4203-A6B7-12AFD0AE9F51}.Release|iPhoneSimulator.Build.0 = Release|Any CPU
		{0470CFA3-099F-4203-A6B7-12AFD0AE9F51}.Release|iPhoneSimulator.Deploy.0 = Release|Any CPU
		{0470CFA3-099F-4203-A6B7-12AFD0AE9F51}.Release|x64.ActiveCfg = Release|Any CPU
		{0470CFA3-099F-4203-A6B7-12AFD0AE9F51}.Release|x64.Build.0 = Release|Any CPU
		{0470CFA3-099F-4203-A6B7-12AFD0AE9F51}.Release|x64.Deploy.0 = Release|Any CPU
		{0470CFA3-099F-4203-A6B7-12AFD0AE9F51}.Release|x86.ActiveCfg = Release|Any CPU
		{0470CFA3-099F-4203-A6B7-12AFD0AE9F51}.Release|x86.Build.0 = Release|Any CPU
		{0470CFA3-099F-4203-A6B7-12AFD0AE9F51}.Release|x86.Deploy.0 = Release|Any CPU
		{85DB7474-840D-47F2-A09A-FF01D535DA5F}.Ad-Hoc|Any CPU.ActiveCfg = Release|Any CPU
		{85DB7474-840D-47F2-A09A-FF01D535DA5F}.Ad-Hoc|Any CPU.Build.0 = Release|Any CPU
		{85DB7474-840D-47F2-A09A-FF01D535DA5F}.Ad-Hoc|ARM.ActiveCfg = Release|Any CPU
		{85DB7474-840D-47F2-A09A-FF01D535DA5F}.Ad-Hoc|ARM.Build.0 = Release|Any CPU
		{85DB7474-840D-47F2-A09A-FF01D535DA5F}.Ad-Hoc|iPhone.ActiveCfg = Release|Any CPU
		{85DB7474-840D-47F2-A09A-FF01D535DA5F}.Ad-Hoc|iPhone.Build.0 = Release|Any CPU
		{85DB7474-840D-47F2-A09A-FF01D535DA5F}.Ad-Hoc|iPhoneSimulator.ActiveCfg = Release|Any CPU
		{85DB7474-840D-47F2-A09A-FF01D535DA5F}.Ad-Hoc|iPhoneSimulator.Build.0 = Release|Any CPU
		{85DB7474-840D-47F2-A09A-FF01D535DA5F}.Ad-Hoc|x64.ActiveCfg = Release|Any CPU
		{85DB7474-840D-47F2-A09A-FF01D535DA5F}.Ad-Hoc|x64.Build.0 = Release|Any CPU
		{85DB7474-840D-47F2-A09A-FF01D535DA5F}.Ad-Hoc|x86.ActiveCfg = Release|Any CPU
		{85DB7474-840D-47F2-A09A-FF01D535DA5F}.Ad-Hoc|x86.Build.0 = Release|Any CPU
		{85DB7474-840D-47F2-A09A-FF01D535DA5F}.AppStore|Any CPU.ActiveCfg = Release|Any CPU
		{85DB7474-840D-47F2-A09A-FF01D535DA5F}.AppStore|Any CPU.Build.0 = Release|Any CPU
		{85DB7474-840D-47F2-A09A-FF01D535DA5F}.AppStore|ARM.ActiveCfg = Release|Any CPU
		{85DB7474-840D-47F2-A09A-FF01D535DA5F}.AppStore|ARM.Build.0 = Release|Any CPU
		{85DB7474-840D-47F2-A09A-FF01D535DA5F}.AppStore|iPhone.ActiveCfg = Release|Any CPU
		{85DB7474-840D-47F2-A09A-FF01D535DA5F}.AppStore|iPhone.Build.0 = Release|Any CPU
		{85DB7474-840D-47F2-A09A-FF01D535DA5F}.AppStore|iPhoneSimulator.ActiveCfg = Release|Any CPU
		{85DB7474-840D-47F2-A09A-FF01D535DA5F}.AppStore|iPhoneSimulator.Build.0 = Release|Any CPU
		{85DB7474-840D-47F2-A09A-FF01D535DA5F}.AppStore|x64.ActiveCfg = Release|Any CPU
		{85DB7474-840D-47F2-A09A-FF01D535DA5F}.AppStore|x64.Build.0 = Release|Any CPU
		{85DB7474-840D-47F2-A09A-FF01D535DA5F}.AppStore|x86.ActiveCfg = Release|Any CPU
		{85DB7474-840D-47F2-A09A-FF01D535DA5F}.AppStore|x86.Build.0 = Release|Any CPU
		{85DB7474-840D-47F2-A09A-FF01D535DA5F}.Debug|Any CPU.ActiveCfg = Debug|Any CPU
		{85DB7474-840D-47F2-A09A-FF01D535DA5F}.Debug|Any CPU.Build.0 = Debug|Any CPU
		{85DB7474-840D-47F2-A09A-FF01D535DA5F}.Debug|ARM.ActiveCfg = Debug|Any CPU
		{85DB7474-840D-47F2-A09A-FF01D535DA5F}.Debug|ARM.Build.0 = Debug|Any CPU
		{85DB7474-840D-47F2-A09A-FF01D535DA5F}.Debug|iPhone.ActiveCfg = Debug|Any CPU
		{85DB7474-840D-47F2-A09A-FF01D535DA5F}.Debug|iPhone.Build.0 = Debug|Any CPU
		{85DB7474-840D-47F2-A09A-FF01D535DA5F}.Debug|iPhoneSimulator.ActiveCfg = Debug|Any CPU
		{85DB7474-840D-47F2-A09A-FF01D535DA5F}.Debug|iPhoneSimulator.Build.0 = Debug|Any CPU
		{85DB7474-840D-47F2-A09A-FF01D535DA5F}.Debug|x64.ActiveCfg = Debug|Any CPU
		{85DB7474-840D-47F2-A09A-FF01D535DA5F}.Debug|x64.Build.0 = Debug|Any CPU
		{85DB7474-840D-47F2-A09A-FF01D535DA5F}.Debug|x86.ActiveCfg = Debug|Any CPU
		{85DB7474-840D-47F2-A09A-FF01D535DA5F}.Debug|x86.Build.0 = Debug|Any CPU
		{85DB7474-840D-47F2-A09A-FF01D535DA5F}.Release|Any CPU.ActiveCfg = Release|Any CPU
		{85DB7474-840D-47F2-A09A-FF01D535DA5F}.Release|Any CPU.Build.0 = Release|Any CPU
		{85DB7474-840D-47F2-A09A-FF01D535DA5F}.Release|ARM.ActiveCfg = Release|Any CPU
		{85DB7474-840D-47F2-A09A-FF01D535DA5F}.Release|ARM.Build.0 = Release|Any CPU
		{85DB7474-840D-47F2-A09A-FF01D535DA5F}.Release|iPhone.ActiveCfg = Release|Any CPU
		{85DB7474-840D-47F2-A09A-FF01D535DA5F}.Release|iPhone.Build.0 = Release|Any CPU
		{85DB7474-840D-47F2-A09A-FF01D535DA5F}.Release|iPhoneSimulator.ActiveCfg = Release|Any CPU
		{85DB7474-840D-47F2-A09A-FF01D535DA5F}.Release|iPhoneSimulator.Build.0 = Release|Any CPU
		{85DB7474-840D-47F2-A09A-FF01D535DA5F}.Release|x64.ActiveCfg = Release|Any CPU
		{85DB7474-840D-47F2-A09A-FF01D535DA5F}.Release|x64.Build.0 = Release|Any CPU
		{85DB7474-840D-47F2-A09A-FF01D535DA5F}.Release|x86.ActiveCfg = Release|Any CPU
		{85DB7474-840D-47F2-A09A-FF01D535DA5F}.Release|x86.Build.0 = Release|Any CPU
		{37EB0C6B-F7F6-4712-BAC0-A2FCF108B52F}.Ad-Hoc|Any CPU.ActiveCfg = Release|x86
		{37EB0C6B-F7F6-4712-BAC0-A2FCF108B52F}.Ad-Hoc|Any CPU.Build.0 = Release|x86
		{37EB0C6B-F7F6-4712-BAC0-A2FCF108B52F}.Ad-Hoc|Any CPU.Deploy.0 = Release|x86
		{37EB0C6B-F7F6-4712-BAC0-A2FCF108B52F}.Ad-Hoc|ARM.ActiveCfg = Release|ARM
		{37EB0C6B-F7F6-4712-BAC0-A2FCF108B52F}.Ad-Hoc|ARM.Build.0 = Release|ARM
		{37EB0C6B-F7F6-4712-BAC0-A2FCF108B52F}.Ad-Hoc|ARM.Deploy.0 = Release|ARM
		{37EB0C6B-F7F6-4712-BAC0-A2FCF108B52F}.Ad-Hoc|iPhone.ActiveCfg = Release|x86
		{37EB0C6B-F7F6-4712-BAC0-A2FCF108B52F}.Ad-Hoc|iPhone.Build.0 = Release|x86
		{37EB0C6B-F7F6-4712-BAC0-A2FCF108B52F}.Ad-Hoc|iPhone.Deploy.0 = Release|x86
		{37EB0C6B-F7F6-4712-BAC0-A2FCF108B52F}.Ad-Hoc|iPhoneSimulator.ActiveCfg = Release|x86
		{37EB0C6B-F7F6-4712-BAC0-A2FCF108B52F}.Ad-Hoc|iPhoneSimulator.Build.0 = Release|x86
		{37EB0C6B-F7F6-4712-BAC0-A2FCF108B52F}.Ad-Hoc|iPhoneSimulator.Deploy.0 = Release|x86
		{37EB0C6B-F7F6-4712-BAC0-A2FCF108B52F}.Ad-Hoc|x64.ActiveCfg = Release|x64
		{37EB0C6B-F7F6-4712-BAC0-A2FCF108B52F}.Ad-Hoc|x64.Build.0 = Release|x64
		{37EB0C6B-F7F6-4712-BAC0-A2FCF108B52F}.Ad-Hoc|x64.Deploy.0 = Release|x64
		{37EB0C6B-F7F6-4712-BAC0-A2FCF108B52F}.Ad-Hoc|x86.ActiveCfg = Release|x86
		{37EB0C6B-F7F6-4712-BAC0-A2FCF108B52F}.Ad-Hoc|x86.Build.0 = Release|x86
		{37EB0C6B-F7F6-4712-BAC0-A2FCF108B52F}.Ad-Hoc|x86.Deploy.0 = Release|x86
		{37EB0C6B-F7F6-4712-BAC0-A2FCF108B52F}.AppStore|Any CPU.ActiveCfg = Release|x86
		{37EB0C6B-F7F6-4712-BAC0-A2FCF108B52F}.AppStore|Any CPU.Build.0 = Release|x86
		{37EB0C6B-F7F6-4712-BAC0-A2FCF108B52F}.AppStore|Any CPU.Deploy.0 = Release|x86
		{37EB0C6B-F7F6-4712-BAC0-A2FCF108B52F}.AppStore|ARM.ActiveCfg = Release|ARM
		{37EB0C6B-F7F6-4712-BAC0-A2FCF108B52F}.AppStore|ARM.Build.0 = Release|ARM
		{37EB0C6B-F7F6-4712-BAC0-A2FCF108B52F}.AppStore|ARM.Deploy.0 = Release|ARM
		{37EB0C6B-F7F6-4712-BAC0-A2FCF108B52F}.AppStore|iPhone.ActiveCfg = Release|x86
		{37EB0C6B-F7F6-4712-BAC0-A2FCF108B52F}.AppStore|iPhone.Build.0 = Release|x86
		{37EB0C6B-F7F6-4712-BAC0-A2FCF108B52F}.AppStore|iPhone.Deploy.0 = Release|x86
		{37EB0C6B-F7F6-4712-BAC0-A2FCF108B52F}.AppStore|iPhoneSimulator.ActiveCfg = Release|x86
		{37EB0C6B-F7F6-4712-BAC0-A2FCF108B52F}.AppStore|iPhoneSimulator.Build.0 = Release|x86
		{37EB0C6B-F7F6-4712-BAC0-A2FCF108B52F}.AppStore|iPhoneSimulator.Deploy.0 = Release|x86
		{37EB0C6B-F7F6-4712-BAC0-A2FCF108B52F}.AppStore|x64.ActiveCfg = Release|x64
		{37EB0C6B-F7F6-4712-BAC0-A2FCF108B52F}.AppStore|x64.Build.0 = Release|x64
		{37EB0C6B-F7F6-4712-BAC0-A2FCF108B52F}.AppStore|x64.Deploy.0 = Release|x64
		{37EB0C6B-F7F6-4712-BAC0-A2FCF108B52F}.AppStore|x86.ActiveCfg = Release|x86
		{37EB0C6B-F7F6-4712-BAC0-A2FCF108B52F}.AppStore|x86.Build.0 = Release|x86
		{37EB0C6B-F7F6-4712-BAC0-A2FCF108B52F}.AppStore|x86.Deploy.0 = Release|x86
		{37EB0C6B-F7F6-4712-BAC0-A2FCF108B52F}.Debug|Any CPU.ActiveCfg = Debug|x86
		{37EB0C6B-F7F6-4712-BAC0-A2FCF108B52F}.Debug|ARM.ActiveCfg = Debug|ARM
		{37EB0C6B-F7F6-4712-BAC0-A2FCF108B52F}.Debug|ARM.Build.0 = Debug|ARM
		{37EB0C6B-F7F6-4712-BAC0-A2FCF108B52F}.Debug|ARM.Deploy.0 = Debug|ARM
		{37EB0C6B-F7F6-4712-BAC0-A2FCF108B52F}.Debug|iPhone.ActiveCfg = Debug|x86
		{37EB0C6B-F7F6-4712-BAC0-A2FCF108B52F}.Debug|iPhoneSimulator.ActiveCfg = Debug|x86
		{37EB0C6B-F7F6-4712-BAC0-A2FCF108B52F}.Debug|x64.ActiveCfg = Debug|x64
		{37EB0C6B-F7F6-4712-BAC0-A2FCF108B52F}.Debug|x64.Build.0 = Debug|x64
		{37EB0C6B-F7F6-4712-BAC0-A2FCF108B52F}.Debug|x64.Deploy.0 = Debug|x64
		{37EB0C6B-F7F6-4712-BAC0-A2FCF108B52F}.Debug|x86.ActiveCfg = Debug|x86
		{37EB0C6B-F7F6-4712-BAC0-A2FCF108B52F}.Debug|x86.Build.0 = Debug|x86
		{37EB0C6B-F7F6-4712-BAC0-A2FCF108B52F}.Debug|x86.Deploy.0 = Debug|x86
		{37EB0C6B-F7F6-4712-BAC0-A2FCF108B52F}.Release|Any CPU.ActiveCfg = Release|x86
		{37EB0C6B-F7F6-4712-BAC0-A2FCF108B52F}.Release|ARM.ActiveCfg = Release|ARM
		{37EB0C6B-F7F6-4712-BAC0-A2FCF108B52F}.Release|ARM.Build.0 = Release|ARM
		{37EB0C6B-F7F6-4712-BAC0-A2FCF108B52F}.Release|ARM.Deploy.0 = Release|ARM
		{37EB0C6B-F7F6-4712-BAC0-A2FCF108B52F}.Release|iPhone.ActiveCfg = Release|x86
		{37EB0C6B-F7F6-4712-BAC0-A2FCF108B52F}.Release|iPhoneSimulator.ActiveCfg = Release|x86
		{37EB0C6B-F7F6-4712-BAC0-A2FCF108B52F}.Release|x64.ActiveCfg = Release|x64
		{37EB0C6B-F7F6-4712-BAC0-A2FCF108B52F}.Release|x64.Build.0 = Release|x64
		{37EB0C6B-F7F6-4712-BAC0-A2FCF108B52F}.Release|x64.Deploy.0 = Release|x64
		{37EB0C6B-F7F6-4712-BAC0-A2FCF108B52F}.Release|x86.ActiveCfg = Release|x86
		{37EB0C6B-F7F6-4712-BAC0-A2FCF108B52F}.Release|x86.Build.0 = Release|x86
		{37EB0C6B-F7F6-4712-BAC0-A2FCF108B52F}.Release|x86.Deploy.0 = Release|x86
		{B08CB5BF-FB7C-4CF8-BB29-E1B1ECC50FD0}.Ad-Hoc|Any CPU.ActiveCfg = Ad-Hoc|iPhone
		{B08CB5BF-FB7C-4CF8-BB29-E1B1ECC50FD0}.Ad-Hoc|ARM.ActiveCfg = Ad-Hoc|iPhone
		{B08CB5BF-FB7C-4CF8-BB29-E1B1ECC50FD0}.Ad-Hoc|iPhone.ActiveCfg = Ad-Hoc|iPhone
		{B08CB5BF-FB7C-4CF8-BB29-E1B1ECC50FD0}.Ad-Hoc|iPhone.Build.0 = Ad-Hoc|iPhone
		{B08CB5BF-FB7C-4CF8-BB29-E1B1ECC50FD0}.Ad-Hoc|iPhoneSimulator.ActiveCfg = Ad-Hoc|iPhoneSimulator
		{B08CB5BF-FB7C-4CF8-BB29-E1B1ECC50FD0}.Ad-Hoc|iPhoneSimulator.Build.0 = Ad-Hoc|iPhoneSimulator
		{B08CB5BF-FB7C-4CF8-BB29-E1B1ECC50FD0}.Ad-Hoc|x64.ActiveCfg = Ad-Hoc|iPhone
		{B08CB5BF-FB7C-4CF8-BB29-E1B1ECC50FD0}.Ad-Hoc|x86.ActiveCfg = Ad-Hoc|iPhone
		{B08CB5BF-FB7C-4CF8-BB29-E1B1ECC50FD0}.AppStore|Any CPU.ActiveCfg = AppStore|iPhone
		{B08CB5BF-FB7C-4CF8-BB29-E1B1ECC50FD0}.AppStore|ARM.ActiveCfg = AppStore|iPhone
		{B08CB5BF-FB7C-4CF8-BB29-E1B1ECC50FD0}.AppStore|iPhone.ActiveCfg = AppStore|iPhone
		{B08CB5BF-FB7C-4CF8-BB29-E1B1ECC50FD0}.AppStore|iPhone.Build.0 = AppStore|iPhone
		{B08CB5BF-FB7C-4CF8-BB29-E1B1ECC50FD0}.AppStore|iPhoneSimulator.ActiveCfg = AppStore|iPhoneSimulator
		{B08CB5BF-FB7C-4CF8-BB29-E1B1ECC50FD0}.AppStore|iPhoneSimulator.Build.0 = AppStore|iPhoneSimulator
		{B08CB5BF-FB7C-4CF8-BB29-E1B1ECC50FD0}.AppStore|x64.ActiveCfg = AppStore|iPhone
		{B08CB5BF-FB7C-4CF8-BB29-E1B1ECC50FD0}.AppStore|x86.ActiveCfg = AppStore|iPhone
		{B08CB5BF-FB7C-4CF8-BB29-E1B1ECC50FD0}.Debug|Any CPU.ActiveCfg = Debug|iPhone
		{B08CB5BF-FB7C-4CF8-BB29-E1B1ECC50FD0}.Debug|ARM.ActiveCfg = Debug|iPhone
		{B08CB5BF-FB7C-4CF8-BB29-E1B1ECC50FD0}.Debug|iPhone.ActiveCfg = Debug|iPhone
		{B08CB5BF-FB7C-4CF8-BB29-E1B1ECC50FD0}.Debug|iPhone.Build.0 = Debug|iPhone
		{B08CB5BF-FB7C-4CF8-BB29-E1B1ECC50FD0}.Debug|iPhoneSimulator.ActiveCfg = Debug|iPhoneSimulator
		{B08CB5BF-FB7C-4CF8-BB29-E1B1ECC50FD0}.Debug|iPhoneSimulator.Build.0 = Debug|iPhoneSimulator
		{B08CB5BF-FB7C-4CF8-BB29-E1B1ECC50FD0}.Debug|x64.ActiveCfg = Debug|iPhone
		{B08CB5BF-FB7C-4CF8-BB29-E1B1ECC50FD0}.Debug|x86.ActiveCfg = Debug|iPhone
		{B08CB5BF-FB7C-4CF8-BB29-E1B1ECC50FD0}.Release|Any CPU.ActiveCfg = Release|iPhone
		{B08CB5BF-FB7C-4CF8-BB29-E1B1ECC50FD0}.Release|ARM.ActiveCfg = Release|iPhone
		{B08CB5BF-FB7C-4CF8-BB29-E1B1ECC50FD0}.Release|iPhone.ActiveCfg = Release|iPhone
		{B08CB5BF-FB7C-4CF8-BB29-E1B1ECC50FD0}.Release|iPhone.Build.0 = Release|iPhone
		{B08CB5BF-FB7C-4CF8-BB29-E1B1ECC50FD0}.Release|iPhoneSimulator.ActiveCfg = Release|iPhoneSimulator
		{B08CB5BF-FB7C-4CF8-BB29-E1B1ECC50FD0}.Release|iPhoneSimulator.Build.0 = Release|iPhoneSimulator
		{B08CB5BF-FB7C-4CF8-BB29-E1B1ECC50FD0}.Release|x64.ActiveCfg = Release|iPhone
		{B08CB5BF-FB7C-4CF8-BB29-E1B1ECC50FD0}.Release|x86.ActiveCfg = Release|iPhone
	EndGlobalSection
	GlobalSection(SolutionProperties) = preSolution
		HideSolutionNode = FALSE
	EndGlobalSection
	GlobalSection(ExtensibilityGlobals) = postSolution
		SolutionGuid = {1B300218-1160-4605-9F60-0993D99B7B22}
	EndGlobalSection
EndGlobal
