
Microsoft Visual Studio Solution File, Format Version 12.00
# Visual Studio 15
VisualStudioVersion = 15.0.26730.16
MinimumVisualStudioVersion = 10.0.40219.1
Project("{FAE04EC0-301F-11D3-BF4B-00C04F79EFBC}") = "XamarinSample.Android", "XamarinSample\XamarinSample.Android\XamarinSample.Android.csproj", "{C87BA917-C524-40E4-8470-20CA18CA1D5D}"
EndProject
Project("{FAE04EC0-301F-11D3-BF4B-00C04F79EFBC}") = "XamarinSample", "XamarinSample\XamarinSample\XamarinSample.csproj", "{A4FD6702-B930-4CF3-9F23-CAC46D8CCAF5}"
EndProject
Project("{FAE04EC0-301F-11D3-BF4B-00C04F79EFBC}") = "XamarinSample.UWP", "XamarinSample\XamarinSample.UWP\XamarinSample.UWP.csproj", "{7CA690AD-B838-4E97-AD80-15467C298831}"
EndProject
Project("{FAE04EC0-301F-11D3-BF4B-00C04F79EFBC}") = "XamarinSample.iOS", "XamarinSample\XamarinSample.iOS\XamarinSample.iOS.csproj", "{6F6D0E9E-92EA-4BA1-A573-BF1384E83EB1}"
EndProject
Global
	GlobalSection(SolutionConfigurationPlatforms) = preSolution
		Ad-Hoc|Any CPU = Ad-Hoc|Any CPU
		Ad-Hoc|ARM = Ad-Hoc|ARM
		Ad-Hoc|iPhone = Ad-Hoc|iPhone
		Ad-Hoc|iPhoneSimulator = Ad-Hoc|iPhoneSimulator
		Ad-Hoc|x64 = Ad-Hoc|x64
		Ad-Hoc|x86 = Ad-Hoc|x86
		AppStore|Any CPU = AppStore|Any CPU
		AppStore|ARM = AppStore|ARM
		AppStore|iPhone = AppStore|iPhone
		AppStore|iPhoneSimulator = AppStore|iPhoneSimulator
		AppStore|x64 = AppStore|x64
		AppStore|x86 = AppStore|x86
		Debug|Any CPU = Debug|Any CPU
		Debug|ARM = Debug|ARM
		Debug|iPhone = Debug|iPhone
		Debug|iPhoneSimulator = Debug|iPhoneSimulator
		Debug|x64 = Debug|x64
		Debug|x86 = Debug|x86
		Release|Any CPU = Release|Any CPU
		Release|ARM = Release|ARM
		Release|iPhone = Release|iPhone
		Release|iPhoneSimulator = Release|iPhoneSimulator
		Release|x64 = Release|x64
		Release|x86 = Release|x86
	EndGlobalSection
	GlobalSection(ProjectConfigurationPlatforms) = postSolution
		{C87BA917-C524-40E4-8470-20CA18CA1D5D}.Ad-Hoc|Any CPU.ActiveCfg = Release|Any CPU
		{C87BA917-C524-40E4-8470-20CA18CA1D5D}.Ad-Hoc|Any CPU.Build.0 = Release|Any CPU
		{C87BA917-C524-40E4-8470-20CA18CA1D5D}.Ad-Hoc|Any CPU.Deploy.0 = Release|Any CPU
		{C87BA917-C524-40E4-8470-20CA18CA1D5D}.Ad-Hoc|ARM.ActiveCfg = Release|Any CPU
		{C87BA917-C524-40E4-8470-20CA18CA1D5D}.Ad-Hoc|ARM.Build.0 = Release|Any CPU
		{C87BA917-C524-40E4-8470-20CA18CA1D5D}.Ad-Hoc|ARM.Deploy.0 = Release|Any CPU
		{C87BA917-C524-40E4-8470-20CA18CA1D5D}.Ad-Hoc|iPhone.ActiveCfg = Release|Any CPU
		{C87BA917-C524-40E4-8470-20CA18CA1D5D}.Ad-Hoc|iPhone.Build.0 = Release|Any CPU
		{C87BA917-C524-40E4-8470-20CA18CA1D5D}.Ad-Hoc|iPhone.Deploy.0 = Release|Any CPU
		{C87BA917-C524-40E4-8470-20CA18CA1D5D}.Ad-Hoc|iPhoneSimulator.ActiveCfg = Release|Any CPU
		{C87BA917-C524-40E4-8470-20CA18CA1D5D}.Ad-Hoc|iPhoneSimulator.Build.0 = Release|Any CPU
		{C87BA917-C524-40E4-8470-20CA18CA1D5D}.Ad-Hoc|iPhoneSimulator.Deploy.0 = Release|Any CPU
		{C87BA917-C524-40E4-8470-20CA18CA1D5D}.Ad-Hoc|x64.ActiveCfg = Release|Any CPU
		{C87BA917-C524-40E4-8470-20CA18CA1D5D}.Ad-Hoc|x64.Build.0 = Release|Any CPU
		{C87BA917-C524-40E4-8470-20CA18CA1D5D}.Ad-Hoc|x64.Deploy.0 = Release|Any CPU
		{C87BA917-C524-40E4-8470-20CA18CA1D5D}.Ad-Hoc|x86.ActiveCfg = Release|Any CPU
		{C87BA917-C524-40E4-8470-20CA18CA1D5D}.Ad-Hoc|x86.Build.0 = Release|Any CPU
		{C87BA917-C524-40E4-8470-20CA18CA1D5D}.Ad-Hoc|x86.Deploy.0 = Release|Any CPU
		{C87BA917-C524-40E4-8470-20CA18CA1D5D}.AppStore|Any CPU.ActiveCfg = Release|Any CPU
		{C87BA917-C524-40E4-8470-20CA18CA1D5D}.AppStore|Any CPU.Build.0 = Release|Any CPU
		{C87BA917-C524-40E4-8470-20CA18CA1D5D}.AppStore|Any CPU.Deploy.0 = Release|Any CPU
		{C87BA917-C524-40E4-8470-20CA18CA1D5D}.AppStore|ARM.ActiveCfg = Release|Any CPU
		{C87BA917-C524-40E4-8470-20CA18CA1D5D}.AppStore|ARM.Build.0 = Release|Any CPU
		{C87BA917-C524-40E4-8470-20CA18CA1D5D}.AppStore|ARM.Deploy.0 = Release|Any CPU
		{C87BA917-C524-40E4-8470-20CA18CA1D5D}.AppStore|iPhone.ActiveCfg = Release|Any CPU
		{C87BA917-C524-40E4-8470-20CA18CA1D5D}.AppStore|iPhone.Build.0 = Release|Any CPU
		{C87BA917-C524-40E4-8470-20CA18CA1D5D}.AppStore|iPhone.Deploy.0 = Release|Any CPU
		{C87BA917-C524-40E4-8470-20CA18CA1D5D}.AppStore|iPhoneSimulator.ActiveCfg = Release|Any CPU
		{C87BA917-C524-40E4-8470-20CA18CA1D5D}.AppStore|iPhoneSimulator.Build.0 = Release|Any CPU
		{C87BA917-C524-40E4-8470-20CA18CA1D5D}.AppStore|iPhoneSimulator.Deploy.0 = Release|Any CPU
		{C87BA917-C524-40E4-8470-20CA18CA1D5D}.AppStore|x64.ActiveCfg = Release|Any CPU
		{C87BA917-C524-40E4-8470-20CA18CA1D5D}.AppStore|x64.Build.0 = Release|Any CPU
		{C87BA917-C524-40E4-8470-20CA18CA1D5D}.AppStore|x64.Deploy.0 = Release|Any CPU
		{C87BA917-C524-40E4-8470-20CA18CA1D5D}.AppStore|x86.ActiveCfg = Release|Any CPU
		{C87BA917-C524-40E4-8470-20CA18CA1D5D}.AppStore|x86.Build.0 = Release|Any CPU
		{C87BA917-C524-40E4-8470-20CA18CA1D5D}.AppStore|x86.Deploy.0 = Release|Any CPU
		{C87BA917-C524-40E4-8470-20CA18CA1D5D}.Debug|Any CPU.ActiveCfg = Debug|Any CPU
		{C87BA917-C524-40E4-8470-20CA18CA1D5D}.Debug|Any CPU.Build.0 = Debug|Any CPU
		{C87BA917-C524-40E4-8470-20CA18CA1D5D}.Debug|Any CPU.Deploy.0 = Debug|Any CPU
		{C87BA917-C524-40E4-8470-20CA18CA1D5D}.Debug|ARM.ActiveCfg = Debug|Any CPU
		{C87BA917-C524-40E4-8470-20CA18CA1D5D}.Debug|ARM.Build.0 = Debug|Any CPU
		{C87BA917-C524-40E4-8470-20CA18CA1D5D}.Debug|ARM.Deploy.0 = Debug|Any CPU
		{C87BA917-C524-40E4-8470-20CA18CA1D5D}.Debug|iPhone.ActiveCfg = Debug|Any CPU
		{C87BA917-C524-40E4-8470-20CA18CA1D5D}.Debug|iPhone.Build.0 = Debug|Any CPU
		{C87BA917-C524-40E4-8470-20CA18CA1D5D}.Debug|iPhone.Deploy.0 = Debug|Any CPU
		{C87BA917-C524-40E4-8470-20CA18CA1D5D}.Debug|iPhoneSimulator.ActiveCfg = Debug|Any CPU
		{C87BA917-C524-40E4-8470-20CA18CA1D5D}.Debug|iPhoneSimulator.Build.0 = Debug|Any CPU
		{C87BA917-C524-40E4-8470-20CA18CA1D5D}.Debug|iPhoneSimulator.Deploy.0 = Debug|Any CPU
		{C87BA917-C524-40E4-8470-20CA18CA1D5D}.Debug|x64.ActiveCfg = Debug|Any CPU
		{C87BA917-C524-40E4-8470-20CA18CA1D5D}.Debug|x64.Build.0 = Debug|Any CPU
		{C87BA917-C524-40E4-8470-20CA18CA1D5D}.Debug|x64.Deploy.0 = Debug|Any CPU
		{C87BA917-C524-40E4-8470-20CA18CA1D5D}.Debug|x86.ActiveCfg = Debug|Any CPU
		{C87BA917-C524-40E4-8470-20CA18CA1D5D}.Debug|x86.Build.0 = Debug|Any CPU
		{C87BA917-C524-40E4-8470-20CA18CA1D5D}.Debug|x86.Deploy.0 = Debug|Any CPU
		{C87BA917-C524-40E4-8470-20CA18CA1D5D}.Release|Any CPU.ActiveCfg = Release|Any CPU
		{C87BA917-C524-40E4-8470-20CA18CA1D5D}.Release|Any CPU.Build.0 = Release|Any CPU
		{C87BA917-C524-40E4-8470-20CA18CA1D5D}.Release|Any CPU.Deploy.0 = Release|Any CPU
		{C87BA917-C524-40E4-8470-20CA18CA1D5D}.Release|ARM.ActiveCfg = Release|Any CPU
		{C87BA917-C524-40E4-8470-20CA18CA1D5D}.Release|ARM.Build.0 = Release|Any CPU
		{C87BA917-C524-40E4-8470-20CA18CA1D5D}.Release|ARM.Deploy.0 = Release|Any CPU
		{C87BA917-C524-40E4-8470-20CA18CA1D5D}.Release|iPhone.ActiveCfg = Release|Any CPU
		{C87BA917-C524-40E4-8470-20CA18CA1D5D}.Release|iPhone.Build.0 = Release|Any CPU
		{C87BA917-C524-40E4-8470-20CA18CA1D5D}.Release|iPhone.Deploy.0 = Release|Any CPU
		{C87BA917-C524-40E4-8470-20CA18CA1D5D}.Release|iPhoneSimulator.ActiveCfg = Release|Any CPU
		{C87BA917-C524-40E4-8470-20CA18CA1D5D}.Release|iPhoneSimulator.Build.0 = Release|Any CPU
		{C87BA917-C524-40E4-8470-20CA18CA1D5D}.Release|iPhoneSimulator.Deploy.0 = Release|Any CPU
		{C87BA917-C524-40E4-8470-20CA18CA1D5D}.Release|x64.ActiveCfg = Release|Any CPU
		{C87BA917-C524-40E4-8470-20CA18CA1D5D}.Release|x64.Build.0 = Release|Any CPU
		{C87BA917-C524-40E4-8470-20CA18CA1D5D}.Release|x64.Deploy.0 = Release|Any CPU
		{C87BA917-C524-40E4-8470-20CA18CA1D5D}.Release|x86.ActiveCfg = Release|Any CPU
		{C87BA917-C524-40E4-8470-20CA18CA1D5D}.Release|x86.Build.0 = Release|Any CPU
		{C87BA917-C524-40E4-8470-20CA18CA1D5D}.Release|x86.Deploy.0 = Release|Any CPU
		{A4FD6702-B930-4CF3-9F23-CAC46D8CCAF5}.Ad-Hoc|Any CPU.ActiveCfg = Release|Any CPU
		{A4FD6702-B930-4CF3-9F23-CAC46D8CCAF5}.Ad-Hoc|Any CPU.Build.0 = Release|Any CPU
		{A4FD6702-B930-4CF3-9F23-CAC46D8CCAF5}.Ad-Hoc|ARM.ActiveCfg = Release|Any CPU
		{A4FD6702-B930-4CF3-9F23-CAC46D8CCAF5}.Ad-Hoc|ARM.Build.0 = Release|Any CPU
		{A4FD6702-B930-4CF3-9F23-CAC46D8CCAF5}.Ad-Hoc|iPhone.ActiveCfg = Release|Any CPU
		{A4FD6702-B930-4CF3-9F23-CAC46D8CCAF5}.Ad-Hoc|iPhone.Build.0 = Release|Any CPU
		{A4FD6702-B930-4CF3-9F23-CAC46D8CCAF5}.Ad-Hoc|iPhoneSimulator.ActiveCfg = Release|Any CPU
		{A4FD6702-B930-4CF3-9F23-CAC46D8CCAF5}.Ad-Hoc|iPhoneSimulator.Build.0 = Release|Any CPU
		{A4FD6702-B930-4CF3-9F23-CAC46D8CCAF5}.Ad-Hoc|x64.ActiveCfg = Release|Any CPU
		{A4FD6702-B930-4CF3-9F23-CAC46D8CCAF5}.Ad-Hoc|x64.Build.0 = Release|Any CPU
		{A4FD6702-B930-4CF3-9F23-CAC46D8CCAF5}.Ad-Hoc|x86.ActiveCfg = Release|Any CPU
		{A4FD6702-B930-4CF3-9F23-CAC46D8CCAF5}.Ad-Hoc|x86.Build.0 = Release|Any CPU
		{A4FD6702-B930-4CF3-9F23-CAC46D8CCAF5}.AppStore|Any CPU.ActiveCfg = Release|Any CPU
		{A4FD6702-B930-4CF3-9F23-CAC46D8CCAF5}.AppStore|Any CPU.Build.0 = Release|Any CPU
		{A4FD6702-B930-4CF3-9F23-CAC46D8CCAF5}.AppStore|ARM.ActiveCfg = Release|Any CPU
		{A4FD6702-B930-4CF3-9F23-CAC46D8CCAF5}.AppStore|ARM.Build.0 = Release|Any CPU
		{A4FD6702-B930-4CF3-9F23-CAC46D8CCAF5}.AppStore|iPhone.ActiveCfg = Release|Any CPU
		{A4FD6702-B930-4CF3-9F23-CAC46D8CCAF5}.AppStore|iPhone.Build.0 = Release|Any CPU
		{A4FD6702-B930-4CF3-9F23-CAC46D8CCAF5}.AppStore|iPhoneSimulator.ActiveCfg = Release|Any CPU
		{A4FD6702-B930-4CF3-9F23-CAC46D8CCAF5}.AppStore|iPhoneSimulator.Build.0 = Release|Any CPU
		{A4FD6702-B930-4CF3-9F23-CAC46D8CCAF5}.AppStore|x64.ActiveCfg = Release|Any CPU
		{A4FD6702-B930-4CF3-9F23-CAC46D8CCAF5}.AppStore|x64.Build.0 = Release|Any CPU
		{A4FD6702-B930-4CF3-9F23-CAC46D8CCAF5}.AppStore|x86.ActiveCfg = Release|Any CPU
		{A4FD6702-B930-4CF3-9F23-CAC46D8CCAF5}.AppStore|x86.Build.0 = Release|Any CPU
		{A4FD6702-B930-4CF3-9F23-CAC46D8CCAF5}.Debug|Any CPU.ActiveCfg = Debug|Any CPU
		{A4FD6702-B930-4CF3-9F23-CAC46D8CCAF5}.Debug|Any CPU.Build.0 = Debug|Any CPU
		{A4FD6702-B930-4CF3-9F23-CAC46D8CCAF5}.Debug|ARM.ActiveCfg = Debug|Any CPU
		{A4FD6702-B930-4CF3-9F23-CAC46D8CCAF5}.Debug|ARM.Build.0 = Debug|Any CPU
		{A4FD6702-B930-4CF3-9F23-CAC46D8CCAF5}.Debug|iPhone.ActiveCfg = Debug|Any CPU
		{A4FD6702-B930-4CF3-9F23-CAC46D8CCAF5}.Debug|iPhone.Build.0 = Debug|Any CPU
		{A4FD6702-B930-4CF3-9F23-CAC46D8CCAF5}.Debug|iPhoneSimulator.ActiveCfg = Debug|Any CPU
		{A4FD6702-B930-4CF3-9F23-CAC46D8CCAF5}.Debug|iPhoneSimulator.Build.0 = Debug|Any CPU
		{A4FD6702-B930-4CF3-9F23-CAC46D8CCAF5}.Debug|x64.ActiveCfg = Debug|Any CPU
		{A4FD6702-B930-4CF3-9F23-CAC46D8CCAF5}.Debug|x64.Build.0 = Debug|Any CPU
		{A4FD6702-B930-4CF3-9F23-CAC46D8CCAF5}.Debug|x86.ActiveCfg = Debug|Any CPU
		{A4FD6702-B930-4CF3-9F23-CAC46D8CCAF5}.Debug|x86.Build.0 = Debug|Any CPU
		{A4FD6702-B930-4CF3-9F23-CAC46D8CCAF5}.Release|Any CPU.ActiveCfg = Release|Any CPU
		{A4FD6702-B930-4CF3-9F23-CAC46D8CCAF5}.Release|Any CPU.Build.0 = Release|Any CPU
		{A4FD6702-B930-4CF3-9F23-CAC46D8CCAF5}.Release|ARM.ActiveCfg = Release|Any CPU
		{A4FD6702-B930-4CF3-9F23-CAC46D8CCAF5}.Release|ARM.Build.0 = Release|Any CPU
		{A4FD6702-B930-4CF3-9F23-CAC46D8CCAF5}.Release|iPhone.ActiveCfg = Release|Any CPU
		{A4FD6702-B930-4CF3-9F23-CAC46D8CCAF5}.Release|iPhone.Build.0 = Release|Any CPU
		{A4FD6702-B930-4CF3-9F23-CAC46D8CCAF5}.Release|iPhoneSimulator.ActiveCfg = Release|Any CPU
		{A4FD6702-B930-4CF3-9F23-CAC46D8CCAF5}.Release|iPhoneSimulator.Build.0 = Release|Any CPU
		{A4FD6702-B930-4CF3-9F23-CAC46D8CCAF5}.Release|x64.ActiveCfg = Release|Any CPU
		{A4FD6702-B930-4CF3-9F23-CAC46D8CCAF5}.Release|x64.Build.0 = Release|Any CPU
		{A4FD6702-B930-4CF3-9F23-CAC46D8CCAF5}.Release|x86.ActiveCfg = Release|Any CPU
		{A4FD6702-B930-4CF3-9F23-CAC46D8CCAF5}.Release|x86.Build.0 = Release|Any CPU
		{7CA690AD-B838-4E97-AD80-15467C298831}.Ad-Hoc|Any CPU.ActiveCfg = Release|x86
		{7CA690AD-B838-4E97-AD80-15467C298831}.Ad-Hoc|Any CPU.Build.0 = Release|x86
		{7CA690AD-B838-4E97-AD80-15467C298831}.Ad-Hoc|Any CPU.Deploy.0 = Release|x86
		{7CA690AD-B838-4E97-AD80-15467C298831}.Ad-Hoc|ARM.ActiveCfg = Release|ARM
		{7CA690AD-B838-4E97-AD80-15467C298831}.Ad-Hoc|ARM.Build.0 = Release|ARM
		{7CA690AD-B838-4E97-AD80-15467C298831}.Ad-Hoc|ARM.Deploy.0 = Release|ARM
		{7CA690AD-B838-4E97-AD80-15467C298831}.Ad-Hoc|iPhone.ActiveCfg = Release|x86
		{7CA690AD-B838-4E97-AD80-15467C298831}.Ad-Hoc|iPhone.Build.0 = Release|x86
		{7CA690AD-B838-4E97-AD80-15467C298831}.Ad-Hoc|iPhone.Deploy.0 = Release|x86
		{7CA690AD-B838-4E97-AD80-15467C298831}.Ad-Hoc|iPhoneSimulator.ActiveCfg = Release|x86
		{7CA690AD-B838-4E97-AD80-15467C298831}.Ad-Hoc|iPhoneSimulator.Build.0 = Release|x86
		{7CA690AD-B838-4E97-AD80-15467C298831}.Ad-Hoc|iPhoneSimulator.Deploy.0 = Release|x86
		{7CA690AD-B838-4E97-AD80-15467C298831}.Ad-Hoc|x64.ActiveCfg = Release|x64
		{7CA690AD-B838-4E97-AD80-15467C298831}.Ad-Hoc|x64.Build.0 = Release|x64
		{7CA690AD-B838-4E97-AD80-15467C298831}.Ad-Hoc|x64.Deploy.0 = Release|x64
		{7CA690AD-B838-4E97-AD80-15467C298831}.Ad-Hoc|x86.ActiveCfg = Release|x86
		{7CA690AD-B838-4E97-AD80-15467C298831}.Ad-Hoc|x86.Build.0 = Release|x86
		{7CA690AD-B838-4E97-AD80-15467C298831}.Ad-Hoc|x86.Deploy.0 = Release|x86
		{7CA690AD-B838-4E97-AD80-15467C298831}.AppStore|Any CPU.ActiveCfg = Release|x86
		{7CA690AD-B838-4E97-AD80-15467C298831}.AppStore|Any CPU.Build.0 = Release|x86
		{7CA690AD-B838-4E97-AD80-15467C298831}.AppStore|Any CPU.Deploy.0 = Release|x86
		{7CA690AD-B838-4E97-AD80-15467C298831}.AppStore|ARM.ActiveCfg = Release|ARM
		{7CA690AD-B838-4E97-AD80-15467C298831}.AppStore|ARM.Build.0 = Release|ARM
		{7CA690AD-B838-4E97-AD80-15467C298831}.AppStore|ARM.Deploy.0 = Release|ARM
		{7CA690AD-B838-4E97-AD80-15467C298831}.AppStore|iPhone.ActiveCfg = Release|x86
		{7CA690AD-B838-4E97-AD80-15467C298831}.AppStore|iPhone.Build.0 = Release|x86
		{7CA690AD-B838-4E97-AD80-15467C298831}.AppStore|iPhone.Deploy.0 = Release|x86
		{7CA690AD-B838-4E97-AD80-15467C298831}.AppStore|iPhoneSimulator.ActiveCfg = Release|x86
		{7CA690AD-B838-4E97-AD80-15467C298831}.AppStore|iPhoneSimulator.Build.0 = Release|x86
		{7CA690AD-B838-4E97-AD80-15467C298831}.AppStore|iPhoneSimulator.Deploy.0 = Release|x86
		{7CA690AD-B838-4E97-AD80-15467C298831}.AppStore|x64.ActiveCfg = Release|x64
		{7CA690AD-B838-4E97-AD80-15467C298831}.AppStore|x64.Build.0 = Release|x64
		{7CA690AD-B838-4E97-AD80-15467C298831}.AppStore|x64.Deploy.0 = Release|x64
		{7CA690AD-B838-4E97-AD80-15467C298831}.AppStore|x86.ActiveCfg = Release|x86
		{7CA690AD-B838-4E97-AD80-15467C298831}.AppStore|x86.Build.0 = Release|x86
		{7CA690AD-B838-4E97-AD80-15467C298831}.AppStore|x86.Deploy.0 = Release|x86
		{7CA690AD-B838-4E97-AD80-15467C298831}.Debug|Any CPU.ActiveCfg = Debug|x86
		{7CA690AD-B838-4E97-AD80-15467C298831}.Debug|ARM.ActiveCfg = Debug|ARM
		{7CA690AD-B838-4E97-AD80-15467C298831}.Debug|ARM.Build.0 = Debug|ARM
		{7CA690AD-B838-4E97-AD80-15467C298831}.Debug|ARM.Deploy.0 = Debug|ARM
		{7CA690AD-B838-4E97-AD80-15467C298831}.Debug|iPhone.ActiveCfg = Debug|x86
		{7CA690AD-B838-4E97-AD80-15467C298831}.Debug|iPhoneSimulator.ActiveCfg = Debug|x86
		{7CA690AD-B838-4E97-AD80-15467C298831}.Debug|x64.ActiveCfg = Debug|x64
		{7CA690AD-B838-4E97-AD80-15467C298831}.Debug|x64.Build.0 = Debug|x64
		{7CA690AD-B838-4E97-AD80-15467C298831}.Debug|x64.Deploy.0 = Debug|x64
		{7CA690AD-B838-4E97-AD80-15467C298831}.Debug|x86.ActiveCfg = Debug|x86
		{7CA690AD-B838-4E97-AD80-15467C298831}.Debug|x86.Build.0 = Debug|x86
		{7CA690AD-B838-4E97-AD80-15467C298831}.Debug|x86.Deploy.0 = Debug|x86
		{7CA690AD-B838-4E97-AD80-15467C298831}.Release|Any CPU.ActiveCfg = Release|x86
		{7CA690AD-B838-4E97-AD80-15467C298831}.Release|ARM.ActiveCfg = Release|ARM
		{7CA690AD-B838-4E97-AD80-15467C298831}.Release|ARM.Build.0 = Release|ARM
		{7CA690AD-B838-4E97-AD80-15467C298831}.Release|ARM.Deploy.0 = Release|ARM
		{7CA690AD-B838-4E97-AD80-15467C298831}.Release|iPhone.ActiveCfg = Release|x86
		{7CA690AD-B838-4E97-AD80-15467C298831}.Release|iPhoneSimulator.ActiveCfg = Release|x86
		{7CA690AD-B838-4E97-AD80-15467C298831}.Release|x64.ActiveCfg = Release|x64
		{7CA690AD-B838-4E97-AD80-15467C298831}.Release|x64.Build.0 = Release|x64
		{7CA690AD-B838-4E97-AD80-15467C298831}.Release|x64.Deploy.0 = Release|x64
		{7CA690AD-B838-4E97-AD80-15467C298831}.Release|x86.ActiveCfg = Release|x86
		{7CA690AD-B838-4E97-AD80-15467C298831}.Release|x86.Build.0 = Release|x86
		{7CA690AD-B838-4E97-AD80-15467C298831}.Release|x86.Deploy.0 = Release|x86
		{6F6D0E9E-92EA-4BA1-A573-BF1384E83EB1}.Ad-Hoc|Any CPU.ActiveCfg = Ad-Hoc|iPhone
		{6F6D0E9E-92EA-4BA1-A573-BF1384E83EB1}.Ad-Hoc|ARM.ActiveCfg = Ad-Hoc|iPhone
		{6F6D0E9E-92EA-4BA1-A573-BF1384E83EB1}.Ad-Hoc|iPhone.ActiveCfg = Ad-Hoc|iPhone
		{6F6D0E9E-92EA-4BA1-A573-BF1384E83EB1}.Ad-Hoc|iPhone.Build.0 = Ad-Hoc|iPhone
		{6F6D0E9E-92EA-4BA1-A573-BF1384E83EB1}.Ad-Hoc|iPhoneSimulator.ActiveCfg = Ad-Hoc|iPhoneSimulator
		{6F6D0E9E-92EA-4BA1-A573-BF1384E83EB1}.Ad-Hoc|iPhoneSimulator.Build.0 = Ad-Hoc|iPhoneSimulator
		{6F6D0E9E-92EA-4BA1-A573-BF1384E83EB1}.Ad-Hoc|x64.ActiveCfg = Ad-Hoc|iPhone
		{6F6D0E9E-92EA-4BA1-A573-BF1384E83EB1}.Ad-Hoc|x86.ActiveCfg = Ad-Hoc|iPhone
		{6F6D0E9E-92EA-4BA1-A573-BF1384E83EB1}.AppStore|Any CPU.ActiveCfg = AppStore|iPhone
		{6F6D0E9E-92EA-4BA1-A573-BF1384E83EB1}.AppStore|ARM.ActiveCfg = AppStore|iPhone
		{6F6D0E9E-92EA-4BA1-A573-BF1384E83EB1}.AppStore|iPhone.ActiveCfg = AppStore|iPhone
		{6F6D0E9E-92EA-4BA1-A573-BF1384E83EB1}.AppStore|iPhone.Build.0 = AppStore|iPhone
		{6F6D0E9E-92EA-4BA1-A573-BF1384E83EB1}.AppStore|iPhoneSimulator.ActiveCfg = AppStore|iPhoneSimulator
		{6F6D0E9E-92EA-4BA1-A573-BF1384E83EB1}.AppStore|iPhoneSimulator.Build.0 = AppStore|iPhoneSimulator
		{6F6D0E9E-92EA-4BA1-A573-BF1384E83EB1}.AppStore|x64.ActiveCfg = AppStore|iPhone
		{6F6D0E9E-92EA-4BA1-A573-BF1384E83EB1}.AppStore|x86.ActiveCfg = AppStore|iPhone
		{6F6D0E9E-92EA-4BA1-A573-BF1384E83EB1}.Debug|Any CPU.ActiveCfg = Debug|iPhone
		{6F6D0E9E-92EA-4BA1-A573-BF1384E83EB1}.Debug|ARM.ActiveCfg = Debug|iPhone
		{6F6D0E9E-92EA-4BA1-A573-BF1384E83EB1}.Debug|iPhone.ActiveCfg = Debug|iPhone
		{6F6D0E9E-92EA-4BA1-A573-BF1384E83EB1}.Debug|iPhone.Build.0 = Debug|iPhone
		{6F6D0E9E-92EA-4BA1-A573-BF1384E83EB1}.Debug|iPhoneSimulator.ActiveCfg = Debug|iPhoneSimulator
		{6F6D0E9E-92EA-4BA1-A573-BF1384E83EB1}.Debug|iPhoneSimulator.Build.0 = Debug|iPhoneSimulator
		{6F6D0E9E-92EA-4BA1-A573-BF1384E83EB1}.Debug|x64.ActiveCfg = Debug|iPhone
		{6F6D0E9E-92EA-4BA1-A573-BF1384E83EB1}.Debug|x86.ActiveCfg = Debug|iPhone
		{6F6D0E9E-92EA-4BA1-A573-BF1384E83EB1}.Release|Any CPU.ActiveCfg = Release|iPhone
		{6F6D0E9E-92EA-4BA1-A573-BF1384E83EB1}.Release|ARM.ActiveCfg = Release|iPhone
		{6F6D0E9E-92EA-4BA1-A573-BF1384E83EB1}.Release|iPhone.ActiveCfg = Release|iPhone
		{6F6D0E9E-92EA-4BA1-A573-BF1384E83EB1}.Release|iPhone.Build.0 = Release|iPhone
		{6F6D0E9E-92EA-4BA1-A573-BF1384E83EB1}.Release|iPhoneSimulator.ActiveCfg = Release|iPhoneSimulator
		{6F6D0E9E-92EA-4BA1-A573-BF1384E83EB1}.Release|iPhoneSimulator.Build.0 = Release|iPhoneSimulator
		{6F6D0E9E-92EA-4BA1-A573-BF1384E83EB1}.Release|x64.ActiveCfg = Release|iPhone
		{6F6D0E9E-92EA-4BA1-A573-BF1384E83EB1}.Release|x86.ActiveCfg = Release|iPhone
	EndGlobalSection
	GlobalSection(SolutionProperties) = preSolution
		HideSolutionNode = FALSE
	EndGlobalSection
	GlobalSection(ExtensibilityGlobals) = postSolution
		SolutionGuid = {A8B19A04-6FD1-4C83-93A3-E1B89216AB19}
	EndGlobalSection
EndGlobal
